{
  "version": 4,
  "terraform_version": "1.0.8",
  "serial": 4,
  "lineage": "f93bdd08-1452-3d4f-e508-1478f8ebbbd9",
  "outputs": {},
  "resources": [
    {
      "mode": "managed",
      "type": "azurerm_resource_group",
      "name": "myrg",
      "provider": "provider[\"registry.terraform.io/hashicorp/azurerm\"]",
      "instances": [
        {
          "index_key": "dc1apps",
          "schema_version": 0,
          "attributes": {
            "id": "/subscriptions/0b75d405-b309-462d-b34f-5d2e63163d0f/resourceGroups/dc1appsmyrg",
            "location": "eastus",
            "name": "dc1appsmyrg",
            "tags": null,
            "timeouts": null
          },
          "sensitive_attributes": [],
          "private": "eyJlMmJmYjczMC1lY2FhLTExZTYtOGY4OC0zNDM2M2JjN2M0YzAiOnsiY3JlYXRlIjo1NDAwMDAwMDAwMDAwLCJkZWxldGUiOjU0MDAwMDAwMDAwMDAsInJlYWQiOjMwMDAwMDAwMDAwMCwidXBkYXRlIjo1NDAwMDAwMDAwMDAwfX0="
        },
        {
          "index_key": "dc2apps",
          "schema_version": 0,
          "attributes": {
            "id": "/subscriptions/0b75d405-b309-462d-b34f-5d2e63163d0f/resourceGroups/dc2appsmyrg",
            "location": "eastus2",
            "name": "dc2appsmyrg",
            "tags": null,
            "timeouts": null
          },
          "sensitive_attributes": [],
          "private": "eyJlMmJmYjczMC1lY2FhLTExZTYtOGY4OC0zNDM2M2JjN2M0YzAiOnsiY3JlYXRlIjo1NDAwMDAwMDAwMDAwLCJkZWxldGUiOjU0MDAwMDAwMDAwMDAsInJlYWQiOjMwMDAwMDAwMDAwMCwidXBkYXRlIjo1NDAwMDAwMDAwMDAwfX0="
        },
        {
          "index_key": "dc3apps",
          "schema_version": 0,
          "attributes": {
            "id": "/subscriptions/0b75d405-b309-462d-b34f-5d2e63163d0f/resourceGroups/dc3appsmyrg",
            "location": "westus",
            "name": "dc3appsmyrg",
            "tags": null,
            "timeouts": null
          },
          "sensitive_attributes": [],
          "private": "eyJlMmJmYjczMC1lY2FhLTExZTYtOGY4OC0zNDM2M2JjN2M0YzAiOnsiY3JlYXRlIjo1NDAwMDAwMDAwMDAwLCJkZWxldGUiOjU0MDAwMDAwMDAwMDAsInJlYWQiOjMwMDAwMDAwMDAwMCwidXBkYXRlIjo1NDAwMDAwMDAwMDAwfX0="
        }
      ]
    }
  ]
}
